
Microsoft Visual Studio Solution File, Format Version 12.00
# Visual Studio 15
VisualStudioVersion = 15.0.27703.2000
MinimumVisualStudioVersion = 10.0.40219.1
Project("{FAE04EC0-301F-11D3-BF4B-00C04F79EFBC}") = "GeoLocationXamApp.Android", "GeoLocationXamApp\GeoLocationXamApp.Android\GeoLocationXamApp.Android.csproj", "{A3172BEC-A63B-4DB0-AF30-566D38DCF810}"
EndProject
Project("{FAE04EC0-301F-11D3-BF4B-00C04F79EFBC}") = "GeoLocationXamApp.iOS", "GeoLocationXamApp\GeoLocationXamApp.iOS\GeoLocationXamApp.iOS.csproj", "{3071601A-27D7-46D7-995E-A728DCCDF93D}"
EndProject
Project("{FAE04EC0-301F-11D3-BF4B-00C04F79EFBC}") = "GeoLocationXamApp", "GeoLocationXamApp\GeoLocationXamApp\GeoLocationXamApp.csproj", "{C6A98889-F542-48A1-8193-B499ABCB206C}"
EndProject
Global
	GlobalSection(SolutionConfigurationPlatforms) = preSolution
		Ad-Hoc|Any CPU = Ad-Hoc|Any CPU
		Ad-Hoc|iPhone = Ad-Hoc|iPhone
		Ad-Hoc|iPhoneSimulator = Ad-Hoc|iPhoneSimulator
		AppStore|Any CPU = AppStore|Any CPU
		AppStore|iPhone = AppStore|iPhone
		AppStore|iPhoneSimulator = AppStore|iPhoneSimulator
		Debug|Any CPU = Debug|Any CPU
		Debug|iPhone = Debug|iPhone
		Debug|iPhoneSimulator = Debug|iPhoneSimulator
		Release|Any CPU = Release|Any CPU
		Release|iPhone = Release|iPhone
		Release|iPhoneSimulator = Release|iPhoneSimulator
	EndGlobalSection
	GlobalSection(ProjectConfigurationPlatforms) = postSolution
		{A3172BEC-A63B-4DB0-AF30-566D38DCF810}.Ad-Hoc|Any CPU.ActiveCfg = Release|Any CPU
		{A3172BEC-A63B-4DB0-AF30-566D38DCF810}.Ad-Hoc|Any CPU.Build.0 = Release|Any CPU
		{A3172BEC-A63B-4DB0-AF30-566D38DCF810}.Ad-Hoc|Any CPU.Deploy.0 = Release|Any CPU
		{A3172BEC-A63B-4DB0-AF30-566D38DCF810}.Ad-Hoc|iPhone.ActiveCfg = Release|Any CPU
		{A3172BEC-A63B-4DB0-AF30-566D38DCF810}.Ad-Hoc|iPhone.Build.0 = Release|Any CPU
		{A3172BEC-A63B-4DB0-AF30-566D38DCF810}.Ad-Hoc|iPhone.Deploy.0 = Release|Any CPU
		{A3172BEC-A63B-4DB0-AF30-566D38DCF810}.Ad-Hoc|iPhoneSimulator.ActiveCfg = Release|Any CPU
		{A3172BEC-A63B-4DB0-AF30-566D38DCF810}.Ad-Hoc|iPhoneSimulator.Build.0 = Release|Any CPU
		{A3172BEC-A63B-4DB0-AF30-566D38DCF810}.Ad-Hoc|iPhoneSimulator.Deploy.0 = Release|Any CPU
		{A3172BEC-A63B-4DB0-AF30-566D38DCF810}.AppStore|Any CPU.ActiveCfg = Release|Any CPU
		{A3172BEC-A63B-4DB0-AF30-566D38DCF810}.AppStore|Any CPU.Build.0 = Release|Any CPU
		{A3172BEC-A63B-4DB0-AF30-566D38DCF810}.AppStore|Any CPU.Deploy.0 = Release|Any CPU
		{A3172BEC-A63B-4DB0-AF30-566D38DCF810}.AppStore|iPhone.ActiveCfg = Release|Any CPU
		{A3172BEC-A63B-4DB0-AF30-566D38DCF810}.AppStore|iPhone.Build.0 = Release|Any CPU
		{A3172BEC-A63B-4DB0-AF30-566D38DCF810}.AppStore|iPhone.Deploy.0 = Release|Any CPU
		{A3172BEC-A63B-4DB0-AF30-566D38DCF810}.AppStore|iPhoneSimulator.ActiveCfg = Release|Any CPU
		{A3172BEC-A63B-4DB0-AF30-566D38DCF810}.AppStore|iPhoneSimulator.Build.0 = Release|Any CPU
		{A3172BEC-A63B-4DB0-AF30-566D38DCF810}.AppStore|iPhoneSimulator.Deploy.0 = Release|Any CPU
		{A3172BEC-A63B-4DB0-AF30-566D38DCF810}.Debug|Any CPU.ActiveCfg = Debug|Any CPU
		{A3172BEC-A63B-4DB0-AF30-566D38DCF810}.Debug|Any CPU.Build.0 = Debug|Any CPU
		{A3172BEC-A63B-4DB0-AF30-566D38DCF810}.Debug|Any CPU.Deploy.0 = Debug|Any CPU
		{A3172BEC-A63B-4DB0-AF30-566D38DCF810}.Debug|iPhone.ActiveCfg = Debug|Any CPU
		{A3172BEC-A63B-4DB0-AF30-566D38DCF810}.Debug|iPhone.Build.0 = Debug|Any CPU
		{A3172BEC-A63B-4DB0-AF30-566D38DCF810}.Debug|iPhone.Deploy.0 = Debug|Any CPU
		{A3172BEC-A63B-4DB0-AF30-566D38DCF810}.Debug|iPhoneSimulator.ActiveCfg = Debug|Any CPU
		{A3172BEC-A63B-4DB0-AF30-566D38DCF810}.Debug|iPhoneSimulator.Build.0 = Debug|Any CPU
		{A3172BEC-A63B-4DB0-AF30-566D38DCF810}.Debug|iPhoneSimulator.Deploy.0 = Debug|Any CPU
		{A3172BEC-A63B-4DB0-AF30-566D38DCF810}.Release|Any CPU.ActiveCfg = Release|Any CPU
		{A3172BEC-A63B-4DB0-AF30-566D38DCF810}.Release|Any CPU.Build.0 = Release|Any CPU
		{A3172BEC-A63B-4DB0-AF30-566D38DCF810}.Release|Any CPU.Deploy.0 = Release|Any CPU
		{A3172BEC-A63B-4DB0-AF30-566D38DCF810}.Release|iPhone.ActiveCfg = Release|Any CPU
		{A3172BEC-A63B-4DB0-AF30-566D38DCF810}.Release|iPhone.Build.0 = Release|Any CPU
		{A3172BEC-A63B-4DB0-AF30-566D38DCF810}.Release|iPhone.Deploy.0 = Release|Any CPU
		{A3172BEC-A63B-4DB0-AF30-566D38DCF810}.Release|iPhoneSimulator.ActiveCfg = Release|Any CPU
		{A3172BEC-A63B-4DB0-AF30-566D38DCF810}.Release|iPhoneSimulator.Build.0 = Release|Any CPU
		{A3172BEC-A63B-4DB0-AF30-566D38DCF810}.Release|iPhoneSimulator.Deploy.0 = Release|Any CPU
		{3071601A-27D7-46D7-995E-A728DCCDF93D}.Ad-Hoc|Any CPU.ActiveCfg = Ad-Hoc|iPhone
		{3071601A-27D7-46D7-995E-A728DCCDF93D}.Ad-Hoc|Any CPU.Build.0 = Ad-Hoc|iPhone
		{3071601A-27D7-46D7-995E-A728DCCDF93D}.Ad-Hoc|Any CPU.Deploy.0 = Ad-Hoc|iPhone
		{3071601A-27D7-46D7-995E-A728DCCDF93D}.Ad-Hoc|iPhone.ActiveCfg = Ad-Hoc|iPhone
		{3071601A-27D7-46D7-995E-A728DCCDF93D}.Ad-Hoc|iPhone.Build.0 = Ad-Hoc|iPhone
		{3071601A-27D7-46D7-995E-A728DCCDF93D}.Ad-Hoc|iPhone.Deploy.0 = Ad-Hoc|iPhone
		{3071601A-27D7-46D7-995E-A728DCCDF93D}.Ad-Hoc|iPhoneSimulator.ActiveCfg = Ad-Hoc|iPhoneSimulator
		{3071601A-27D7-46D7-995E-A728DCCDF93D}.Ad-Hoc|iPhoneSimulator.Build.0 = Ad-Hoc|iPhoneSimulator
		{3071601A-27D7-46D7-995E-A728DCCDF93D}.Ad-Hoc|iPhoneSimulator.Deploy.0 = Ad-Hoc|iPhoneSimulator
		{3071601A-27D7-46D7-995E-A728DCCDF93D}.AppStore|Any CPU.ActiveCfg = AppStore|iPhone
		{3071601A-27D7-46D7-995E-A728DCCDF93D}.AppStore|Any CPU.Build.0 = AppStore|iPhone
		{3071601A-27D7-46D7-995E-A728DCCDF93D}.AppStore|Any CPU.Deploy.0 = AppStore|iPhone
		{3071601A-27D7-46D7-995E-A728DCCDF93D}.AppStore|iPhone.ActiveCfg = AppStore|iPhone
		{3071601A-27D7-46D7-995E-A728DCCDF93D}.AppStore|iPhone.Build.0 = AppStore|iPhone
		{3071601A-27D7-46D7-995E-A728DCCDF93D}.AppStore|iPhone.Deploy.0 = AppStore|iPhone
		{3071601A-27D7-46D7-995E-A728DCCDF93D}.AppStore|iPhoneSimulator.ActiveCfg = AppStore|iPhoneSimulator
		{3071601A-27D7-46D7-995E-A728DCCDF93D}.AppStore|iPhoneSimulator.Build.0 = AppStore|iPhoneSimulator
		{3071601A-27D7-46D7-995E-A728DCCDF93D}.AppStore|iPhoneSimulator.Deploy.0 = AppStore|iPhoneSimulator
		{3071601A-27D7-46D7-995E-A728DCCDF93D}.Debug|Any CPU.ActiveCfg = Debug|iPhoneSimulator
		{3071601A-27D7-46D7-995E-A728DCCDF93D}.Debug|Any CPU.Build.0 = Debug|iPhoneSimulator
		{3071601A-27D7-46D7-995E-A728DCCDF93D}.Debug|Any CPU.Deploy.0 = Debug|iPhoneSimulator
		{3071601A-27D7-46D7-995E-A728DCCDF93D}.Debug|iPhone.ActiveCfg = Debug|iPhone
		{3071601A-27D7-46D7-995E-A728DCCDF93D}.Debug|iPhone.Build.0 = Debug|iPhone
		{3071601A-27D7-46D7-995E-A728DCCDF93D}.Debug|iPhone.Deploy.0 = Debug|iPhone
		{3071601A-27D7-46D7-995E-A728DCCDF93D}.Debug|iPhoneSimulator.ActiveCfg = Debug|iPhoneSimulator
		{3071601A-27D7-46D7-995E-A728DCCDF93D}.Debug|iPhoneSimulator.Build.0 = Debug|iPhoneSimulator
		{3071601A-27D7-46D7-995E-A728DCCDF93D}.Debug|iPhoneSimulator.Deploy.0 = Debug|iPhoneSimulator
		{3071601A-27D7-46D7-995E-A728DCCDF93D}.Release|Any CPU.ActiveCfg = Release|iPhone
		{3071601A-27D7-46D7-995E-A728DCCDF93D}.Release|Any CPU.Build.0 = Release|iPhone
		{3071601A-27D7-46D7-995E-A728DCCDF93D}.Release|Any CPU.Deploy.0 = Release|iPhone
		{3071601A-27D7-46D7-995E-A728DCCDF93D}.Release|iPhone.ActiveCfg = Release|iPhone
		{3071601A-27D7-46D7-995E-A728DCCDF93D}.Release|iPhone.Build.0 = Release|iPhone
		{3071601A-27D7-46D7-995E-A728DCCDF93D}.Release|iPhone.Deploy.0 = Release|iPhone
		{3071601A-27D7-46D7-995E-A728DCCDF93D}.Release|iPhoneSimulator.ActiveCfg = Release|iPhoneSimulator
		{3071601A-27D7-46D7-995E-A728DCCDF93D}.Release|iPhoneSimulator.Build.0 = Release|iPhoneSimulator
		{3071601A-27D7-46D7-995E-A728DCCDF93D}.Release|iPhoneSimulator.Deploy.0 = Release|iPhoneSimulator
		{C6A98889-F542-48A1-8193-B499ABCB206C}.Ad-Hoc|Any CPU.ActiveCfg = Debug|Any CPU
		{C6A98889-F542-48A1-8193-B499ABCB206C}.Ad-Hoc|Any CPU.Build.0 = Debug|Any CPU
		{C6A98889-F542-48A1-8193-B499ABCB206C}.Ad-Hoc|Any CPU.Deploy.0 = Debug|Any CPU
		{C6A98889-F542-48A1-8193-B499ABCB206C}.Ad-Hoc|iPhone.ActiveCfg = Debug|Any CPU
		{C6A98889-F542-48A1-8193-B499ABCB206C}.Ad-Hoc|iPhone.Build.0 = Debug|Any CPU
		{C6A98889-F542-48A1-8193-B499ABCB206C}.Ad-Hoc|iPhone.Deploy.0 = Debug|Any CPU
		{C6A98889-F542-48A1-8193-B499ABCB206C}.Ad-Hoc|iPhoneSimulator.ActiveCfg = Debug|Any CPU
		{C6A98889-F542-48A1-8193-B499ABCB206C}.Ad-Hoc|iPhoneSimulator.Build.0 = Debug|Any CPU
		{C6A98889-F542-48A1-8193-B499ABCB206C}.Ad-Hoc|iPhoneSimulator.Deploy.0 = Debug|Any CPU
		{C6A98889-F542-48A1-8193-B499ABCB206C}.AppStore|Any CPU.ActiveCfg = Debug|Any CPU
		{C6A98889-F542-48A1-8193-B499ABCB206C}.AppStore|Any CPU.Build.0 = Debug|Any CPU
		{C6A98889-F542-48A1-8193-B499ABCB206C}.AppStore|Any CPU.Deploy.0 = Debug|Any CPU
		{C6A98889-F542-48A1-8193-B499ABCB206C}.AppStore|iPhone.ActiveCfg = Debug|Any CPU
		{C6A98889-F542-48A1-8193-B499ABCB206C}.AppStore|iPhone.Build.0 = Debug|Any CPU
		{C6A98889-F542-48A1-8193-B499ABCB206C}.AppStore|iPhone.Deploy.0 = Debug|Any CPU
		{C6A98889-F542-48A1-8193-B499ABCB206C}.AppStore|iPhoneSimulator.ActiveCfg = Debug|Any CPU
		{C6A98889-F542-48A1-8193-B499ABCB206C}.AppStore|iPhoneSimulator.Build.0 = Debug|Any CPU
		{C6A98889-F542-48A1-8193-B499ABCB206C}.AppStore|iPhoneSimulator.Deploy.0 = Debug|Any CPU
		{C6A98889-F542-48A1-8193-B499ABCB206C}.Debug|Any CPU.ActiveCfg = Debug|Any CPU
		{C6A98889-F542-48A1-8193-B499ABCB206C}.Debug|Any CPU.Build.0 = Debug|Any CPU
		{C6A98889-F542-48A1-8193-B499ABCB206C}.Debug|Any CPU.Deploy.0 = Debug|Any CPU
		{C6A98889-F542-48A1-8193-B499ABCB206C}.Debug|iPhone.ActiveCfg = Debug|Any CPU
		{C6A98889-F542-48A1-8193-B499ABCB206C}.Debug|iPhone.Build.0 = Debug|Any CPU
		{C6A98889-F542-48A1-8193-B499ABCB206C}.Debug|iPhone.Deploy.0 = Debug|Any CPU
		{C6A98889-F542-48A1-8193-B499ABCB206C}.Debug|iPhoneSimulator.ActiveCfg = Debug|Any CPU
		{C6A98889-F542-48A1-8193-B499ABCB206C}.Debug|iPhoneSimulator.Build.0 = Debug|Any CPU
		{C6A98889-F542-48A1-8193-B499ABCB206C}.Debug|iPhoneSimulator.Deploy.0 = Debug|Any CPU
		{C6A98889-F542-48A1-8193-B499ABCB206C}.Release|Any CPU.ActiveCfg = Release|Any CPU
		{C6A98889-F542-48A1-8193-B499ABCB206C}.Release|Any CPU.Build.0 = Release|Any CPU
		{C6A98889-F542-48A1-8193-B499ABCB206C}.Release|Any CPU.Deploy.0 = Release|Any CPU
		{C6A98889-F542-48A1-8193-B499ABCB206C}.Release|iPhone.ActiveCfg = Release|Any CPU
		{C6A98889-F542-48A1-8193-B499ABCB206C}.Release|iPhone.Build.0 = Release|Any CPU
		{C6A98889-F542-48A1-8193-B499ABCB206C}.Release|iPhone.Deploy.0 = Release|Any CPU
		{C6A98889-F542-48A1-8193-B499ABCB206C}.Release|iPhoneSimulator.ActiveCfg = Release|Any CPU
		{C6A98889-F542-48A1-8193-B499ABCB206C}.Release|iPhoneSimulator.Build.0 = Release|Any CPU
		{C6A98889-F542-48A1-8193-B499ABCB206C}.Release|iPhoneSimulator.Deploy.0 = Release|Any CPU
	EndGlobalSection
	GlobalSection(SolutionProperties) = preSolution
		HideSolutionNode = FALSE
	EndGlobalSection
	GlobalSection(ExtensibilityGlobals) = postSolution
		SolutionGuid = {0295A08D-DCF9-4019-840F-2B82B7A6F541}
	EndGlobalSection
EndGlobal
